
Microsoft Visual Studio Solution File, Format Version 12.00
# Visual Studio Version 17
VisualStudioVersion = 17.14.36930.0 d17.14
MinimumVisualStudioVersion = 10.0.40219.1
Project("{FAE04EC0-301F-11D3-BF4B-00C04F79EFBC}") = "Sportify", "Sportify.csproj", "{E48261A5-5F7B-FDBE-FBBF-15E5981BF344}"
EndProject
Global
	GlobalSection(SolutionConfigurationPlatforms) = preSolution
		Debug|Any CPU = Debug|Any CPU
		Release|Any CPU = Release|Any CPU
	EndGlobalSection
	GlobalSection(ProjectConfigurationPlatforms) = postSolution
		{E48261A5-5F7B-FDBE-FBBF-15E5981BF344}.Debug|Any CPU.ActiveCfg = Debug|Any CPU
		{E48261A5-5F7B-FDBE-FBBF-15E5981BF344}.Debug|Any CPU.Build.0 = Debug|Any CPU
		{E48261A5-5F7B-FDBE-FBBF-15E5981BF344}.Release|Any CPU.ActiveCfg = Release|Any CPU
		{E48261A5-5F7B-FDBE-FBBF-15E5981BF344}.Release|Any CPU.Build.0 = Release|Any CPU
	EndGlobalSection
	GlobalSection(SolutionProperties) = preSolution
		HideSolutionNode = FALSE
	EndGlobalSection
	GlobalSection(ExtensibilityGlobals) = postSolution
		SolutionGuid = {B523B2D0-D4A4-4B03-B082-9481C5EF1A23}
	EndGlobalSection
EndGlobal
